
Microsoft Visual Studio Solution File, Format Version 10.00
# Visual C++ Express 2008
Project("{8BC9CEB8-8B4A-11D0-8D11-00A0C91BC942}") = "libfcache", "libfcache\libfcache.vcproj", "{3D19EAAD-9195-468B-BC5B-D147A89CA4F5}"
	ProjectSection(ProjectDependencies) = postProject
		{BD3A95FA-A3DE-4B79-A889-A7E5ECA4B69C} = {BD3A95FA-A3DE-4B79-A889-A7E5ECA4B69C}
		{8AFAA2C6-E025-4B45-B96F-A27D04C6115A} = {8AFAA2C6-E025-4B45-B96F-A27D04C6115A}
		{B9332DC8-7594-47DF-80C1-38922E0F4DFB} = {B9332DC8-7594-47DF-80C1-38922E0F4DFB}
	EndProjectSection
EndProject
Project("{8BC9CEB8-8B4A-11D0-8D11-00A0C91BC942}") = "libexe", "libexe\libexe.vcproj", "{E08719BD-29D2-4ED9-8987-25DC3814554E}"
	ProjectSection(ProjectDependencies) = postProject
		{BD3A95FA-A3DE-4B79-A889-A7E5ECA4B69C} = {BD3A95FA-A3DE-4B79-A889-A7E5ECA4B69C}
		{8AFAA2C6-E025-4B45-B96F-A27D04C6115A} = {8AFAA2C6-E025-4B45-B96F-A27D04C6115A}
		{B9332DC8-7594-47DF-80C1-38922E0F4DFB} = {B9332DC8-7594-47DF-80C1-38922E0F4DFB}
		{CEDF8919-00B2-4D8A-88CC-84ADB2D2FF89} = {CEDF8919-00B2-4D8A-88CC-84ADB2D2FF89}
		{5304AD69-D449-4589-B2C9-E4607E56A51D} = {5304AD69-D449-4589-B2C9-E4607E56A51D}
		{B86FB73A-4ACC-42DE-9545-586D93955B06} = {B86FB73A-4ACC-42DE-9545-586D93955B06}
		{BC27FF34-C859-4A1A-95D6-FC89952E1910} = {BC27FF34-C859-4A1A-95D6-FC89952E1910}
		{4C93BDD3-1804-47F3-9B34-F2DE0CAE1AE0} = {4C93BDD3-1804-47F3-9B34-F2DE0CAE1AE0}
		{3FFB9C05-1145-45A7-9ADE-5C8D70FBD7CA} = {3FFB9C05-1145-45A7-9ADE-5C8D70FBD7CA}
		{41CFAFBF-A1C8-4704-AFEF-31979E6452B9} = {41CFAFBF-A1C8-4704-AFEF-31979E6452B9}
		{3D19EAAD-9195-468B-BC5B-D147A89CA4F5} = {3D19EAAD-9195-468B-BC5B-D147A89CA4F5}
		{F94DCC2D-2B49-453E-89B3-FD81992677D0} = {F94DCC2D-2B49-453E-89B3-FD81992677D0}
		{25C60507-39C6-4564-912D-DA2E7482A00F} = {25C60507-39C6-4564-912D-DA2E7482A00F}
	EndProjectSection
EndProject
Project("{8BC9CEB8-8B4A-11D0-8D11-00A0C91BC942}") = "libfguid", "libfguid\libfguid.vcproj", "{8C13E498-6369-4792-A0CF-B7134C54561B}"
	ProjectSection(ProjectDependencies) = postProject
		{BD3A95FA-A3DE-4B79-A889-A7E5ECA4B69C} = {BD3A95FA-A3DE-4B79-A889-A7E5ECA4B69C}
	EndProjectSection
EndProject
Project("{8BC9CEB8-8B4A-11D0-8D11-00A0C91BC942}") = "wrc_test_data_descriptor", "wrc_test_data_descriptor\wrc_test_data_descriptor.vcproj", "{A47D3208-48A6-432D-8706-55F74F05D182}"
	ProjectSection(ProjectDependencies) = postProject
		{41CFAFBF-A1C8-4704-AFEF-31979E6452B9} = {41CFAFBF-A1C8-4704-AFEF-31979E6452B9}
		{3FFB9C05-1145-45A7-9ADE-5C8D70FBD7CA} = {3FFB9C05-1145-45A7-9ADE-5C8D70FBD7CA}
		{4C93BDD3-1804-47F3-9B34-F2DE0CAE1AE0} = {4C93BDD3-1804-47F3-9B34-F2DE0CAE1AE0}
		{BC27FF34-C859-4A1A-95D6-FC89952E1910} = {BC27FF34-C859-4A1A-95D6-FC89952E1910}
		{B86FB73A-4ACC-42DE-9545-586D93955B06} = {B86FB73A-4ACC-42DE-9545-586D93955B06}
		{5304AD69-D449-4589-B2C9-E4607E56A51D} = {5304AD69-D449-4589-B2C9-E4607E56A51D}
		{CEDF8919-00B2-4D8A-88CC-84ADB2D2FF89} = {CEDF8919-00B2-4D8A-88CC-84ADB2D2FF89}
		{B9332DC8-7594-47DF-80C1-38922E0F4DFB} = {B9332DC8-7594-47DF-80C1-38922E0F4DFB}
		{FDE5A4F8-E6CC-49B9-A831-653103367387} = {FDE5A4F8-E6CC-49B9-A831-653103367387}
		{BD3A95FA-A3DE-4B79-A889-A7E5ECA4B69C} = {BD3A95FA-A3DE-4B79-A889-A7E5ECA4B69C}
	EndProjectSection
EndProject
Project("{8BC9CEB8-8B4A-11D0-8D11-00A0C91BC942}") = "wrc_test_error", "wrc_test_error\wrc_test_error.vcproj", "{0B421139-CB52-4A53-B3C8-EBC914B6DF4E}"
	ProjectSection(ProjectDependencies) = postProject
		{FDE5A4F8-E6CC-49B9-A831-653103367387} = {FDE5A4F8-E6CC-49B9-A831-653103367387}
	EndProjectSection
EndProject
Project("{8BC9CEB8-8B4A-11D0-8D11-00A0C91BC942}") = "wrc_test_io_handle", "wrc_test_io_handle\wrc_test_io_handle.vcproj", "{8E459DFC-6726-4C45-8302-498E2D0C3900}"
	ProjectSection(ProjectDependencies) = postProject
		{FDE5A4F8-E6CC-49B9-A831-653103367387} = {FDE5A4F8-E6CC-49B9-A831-653103367387}
		{BD3A95FA-A3DE-4B79-A889-A7E5ECA4B69C} = {BD3A95FA-A3DE-4B79-A889-A7E5ECA4B69C}
	EndProjectSection
EndProject
Project("{8BC9CEB8-8B4A-11D0-8D11-00A0C91BC942}") = "wrc_test_language_entry", "wrc_test_language_entry\wrc_test_language_entry.vcproj", "{B5986E0C-C68F-4976-9286-05553DF712EF}"
	ProjectSection(ProjectDependencies) = postProject
		{FDE5A4F8-E6CC-49B9-A831-653103367387} = {FDE5A4F8-E6CC-49B9-A831-653103367387}
		{BD3A95FA-A3DE-4B79-A889-A7E5ECA4B69C} = {BD3A95FA-A3DE-4B79-A889-A7E5ECA4B69C}
	EndProjectSection
EndProject
Project("{8BC9CEB8-8B4A-11D0-8D11-00A0C91BC942}") = "wrc_test_language_table", "wrc_test_language_table\wrc_test_language_table.vcproj", "{EB2BF664-9D6D-4C1D-AD48-B4C66DBD1BB9}"
	ProjectSection(ProjectDependencies) = postProject
		{FDE5A4F8-E6CC-49B9-A831-653103367387} = {FDE5A4F8-E6CC-49B9-A831-653103367387}
		{BD3A95FA-A3DE-4B79-A889-A7E5ECA4B69C} = {BD3A95FA-A3DE-4B79-A889-A7E5ECA4B69C}
	EndProjectSection
EndProject
Project("{8BC9CEB8-8B4A-11D0-8D11-00A0C91BC942}") = "wrc_test_manifest_resource", "wrc_test_manifest_resource\wrc_test_manifest_resource.vcproj", "{FCEAC70D-78C0-4F83-9AC9-3654D3C5A2AB}"
	ProjectSection(ProjectDependencies) = postProject
		{FDE5A4F8-E6CC-49B9-A831-653103367387} = {FDE5A4F8-E6CC-49B9-A831-653103367387}
		{BD3A95FA-A3DE-4B79-A889-A7E5ECA4B69C} = {BD3A95FA-A3DE-4B79-A889-A7E5ECA4B69C}
	EndProjectSection
EndProject
Project("{8BC9CEB8-8B4A-11D0-8D11-00A0C91BC942}") = "wrc_test_message_table_resource", "wrc_test_message_table_resource\wrc_test_message_table_resource.vcproj", "{9490D3BC-2889-4149-AD43-091654E5B36E}"
	ProjectSection(ProjectDependencies) = postProject
		{FDE5A4F8-E6CC-49B9-A831-653103367387} = {FDE5A4F8-E6CC-49B9-A831-653103367387}
		{BD3A95FA-A3DE-4B79-A889-A7E5ECA4B69C} = {BD3A95FA-A3DE-4B79-A889-A7E5ECA4B69C}
	EndProjectSection
EndProject
Project("{8BC9CEB8-8B4A-11D0-8D11-00A0C91BC942}") = "wrc_test_mui_resource", "wrc_test_mui_resource\wrc_test_mui_resource.vcproj", "{0C6258DA-25F8-4C63-95C3-8EFF4EA18A75}"
	ProjectSection(ProjectDependencies) = postProject
		{FDE5A4F8-E6CC-49B9-A831-653103367387} = {FDE5A4F8-E6CC-49B9-A831-653103367387}
		{BD3A95FA-A3DE-4B79-A889-A7E5ECA4B69C} = {BD3A95FA-A3DE-4B79-A889-A7E5ECA4B69C}
	EndProjectSection
EndProject
Project("{8BC9CEB8-8B4A-11D0-8D11-00A0C91BC942}") = "wrc_test_mui_values", "wrc_test_mui_values\wrc_test_mui_values.vcproj", "{604FCB96-BE26-4044-AD76-8D0C15756775}"
	ProjectSection(ProjectDependencies) = postProject
		{FDE5A4F8-E6CC-49B9-A831-653103367387} = {FDE5A4F8-E6CC-49B9-A831-653103367387}
		{BD3A95FA-A3DE-4B79-A889-A7E5ECA4B69C} = {BD3A95FA-A3DE-4B79-A889-A7E5ECA4B69C}
	EndProjectSection
EndProject
Project("{8BC9CEB8-8B4A-11D0-8D11-00A0C91BC942}") = "wrc_test_notify", "wrc_test_notify\wrc_test_notify.vcproj", "{38B11068-873D-4918-809C-BF14CB0373D7}"
	ProjectSection(ProjectDependencies) = postProject
		{FDE5A4F8-E6CC-49B9-A831-653103367387} = {FDE5A4F8-E6CC-49B9-A831-653103367387}
		{BD3A95FA-A3DE-4B79-A889-A7E5ECA4B69C} = {BD3A95FA-A3DE-4B79-A889-A7E5ECA4B69C}
	EndProjectSection
EndProject
Project("{8BC9CEB8-8B4A-11D0-8D11-00A0C91BC942}") = "wrc_test_resource", "wrc_test_resource\wrc_test_resource.vcproj", "{34B2419D-4B49-41DB-AF92-F2B7B28CDC74}"
	ProjectSection(ProjectDependencies) = postProject
		{B9332DC8-7594-47DF-80C1-38922E0F4DFB} = {B9332DC8-7594-47DF-80C1-38922E0F4DFB}
		{FDE5A4F8-E6CC-49B9-A831-653103367387} = {FDE5A4F8-E6CC-49B9-A831-653103367387}
		{BD3A95FA-A3DE-4B79-A889-A7E5ECA4B69C} = {BD3A95FA-A3DE-4B79-A889-A7E5ECA4B69C}
	EndProjectSection
EndProject
Project("{8BC9CEB8-8B4A-11D0-8D11-00A0C91BC942}") = "wrc_test_resource_item", "wrc_test_resource_item\wrc_test_resource_item.vcproj", "{74AB98A2-10EA-487C-B402-1B78C1A8AA77}"
	ProjectSection(ProjectDependencies) = postProject
		{B9332DC8-7594-47DF-80C1-38922E0F4DFB} = {B9332DC8-7594-47DF-80C1-38922E0F4DFB}
		{FDE5A4F8-E6CC-49B9-A831-653103367387} = {FDE5A4F8-E6CC-49B9-A831-653103367387}
		{BD3A95FA-A3DE-4B79-A889-A7E5ECA4B69C} = {BD3A95FA-A3DE-4B79-A889-A7E5ECA4B69C}
	EndProjectSection
EndProject
Project("{8BC9CEB8-8B4A-11D0-8D11-00A0C91BC942}") = "wrc_test_resource_node_entry", "wrc_test_resource_node_entry\wrc_test_resource_node_entry.vcproj", "{DEFDE036-1A29-4447-B4FE-296CE7CCCAED}"
	ProjectSection(ProjectDependencies) = postProject
		{41CFAFBF-A1C8-4704-AFEF-31979E6452B9} = {41CFAFBF-A1C8-4704-AFEF-31979E6452B9}
		{3FFB9C05-1145-45A7-9ADE-5C8D70FBD7CA} = {3FFB9C05-1145-45A7-9ADE-5C8D70FBD7CA}
		{4C93BDD3-1804-47F3-9B34-F2DE0CAE1AE0} = {4C93BDD3-1804-47F3-9B34-F2DE0CAE1AE0}
		{BC27FF34-C859-4A1A-95D6-FC89952E1910} = {BC27FF34-C859-4A1A-95D6-FC89952E1910}
		{B86FB73A-4ACC-42DE-9545-586D93955B06} = {B86FB73A-4ACC-42DE-9545-586D93955B06}
		{5304AD69-D449-4589-B2C9-E4607E56A51D} = {5304AD69-D449-4589-B2C9-E4607E56A51D}
		{CEDF8919-00B2-4D8A-88CC-84ADB2D2FF89} = {CEDF8919-00B2-4D8A-88CC-84ADB2D2FF89}
		{B9332DC8-7594-47DF-80C1-38922E0F4DFB} = {B9332DC8-7594-47DF-80C1-38922E0F4DFB}
		{FDE5A4F8-E6CC-49B9-A831-653103367387} = {FDE5A4F8-E6CC-49B9-A831-653103367387}
		{BD3A95FA-A3DE-4B79-A889-A7E5ECA4B69C} = {BD3A95FA-A3DE-4B79-A889-A7E5ECA4B69C}
	EndProjectSection
EndProject
Project("{8BC9CEB8-8B4A-11D0-8D11-00A0C91BC942}") = "wrc_test_resource_node_header", "wrc_test_resource_node_header\wrc_test_resource_node_header.vcproj", "{0F565D45-66F9-44D4-9C2D-EDF6194B343E}"
	ProjectSection(ProjectDependencies) = postProject
		{41CFAFBF-A1C8-4704-AFEF-31979E6452B9} = {41CFAFBF-A1C8-4704-AFEF-31979E6452B9}
		{3FFB9C05-1145-45A7-9ADE-5C8D70FBD7CA} = {3FFB9C05-1145-45A7-9ADE-5C8D70FBD7CA}
		{4C93BDD3-1804-47F3-9B34-F2DE0CAE1AE0} = {4C93BDD3-1804-47F3-9B34-F2DE0CAE1AE0}
		{BC27FF34-C859-4A1A-95D6-FC89952E1910} = {BC27FF34-C859-4A1A-95D6-FC89952E1910}
		{B86FB73A-4ACC-42DE-9545-586D93955B06} = {B86FB73A-4ACC-42DE-9545-586D93955B06}
		{5304AD69-D449-4589-B2C9-E4607E56A51D} = {5304AD69-D449-4589-B2C9-E4607E56A51D}
		{CEDF8919-00B2-4D8A-88CC-84ADB2D2FF89} = {CEDF8919-00B2-4D8A-88CC-84ADB2D2FF89}
		{B9332DC8-7594-47DF-80C1-38922E0F4DFB} = {B9332DC8-7594-47DF-80C1-38922E0F4DFB}
		{FDE5A4F8-E6CC-49B9-A831-653103367387} = {FDE5A4F8-E6CC-49B9-A831-653103367387}
		{BD3A95FA-A3DE-4B79-A889-A7E5ECA4B69C} = {BD3A95FA-A3DE-4B79-A889-A7E5ECA4B69C}
	EndProjectSection
EndProject
Project("{8BC9CEB8-8B4A-11D0-8D11-00A0C91BC942}") = "wrc_test_stream", "wrc_test_stream\wrc_test_stream.vcproj", "{93837808-848F-4254-BF6C-C0BB76F52FEE}"
	ProjectSection(ProjectDependencies) = postProject
		{41CFAFBF-A1C8-4704-AFEF-31979E6452B9} = {41CFAFBF-A1C8-4704-AFEF-31979E6452B9}
		{3FFB9C05-1145-45A7-9ADE-5C8D70FBD7CA} = {3FFB9C05-1145-45A7-9ADE-5C8D70FBD7CA}
		{4C93BDD3-1804-47F3-9B34-F2DE0CAE1AE0} = {4C93BDD3-1804-47F3-9B34-F2DE0CAE1AE0}
		{BC27FF34-C859-4A1A-95D6-FC89952E1910} = {BC27FF34-C859-4A1A-95D6-FC89952E1910}
		{B86FB73A-4ACC-42DE-9545-586D93955B06} = {B86FB73A-4ACC-42DE-9545-586D93955B06}
		{5304AD69-D449-4589-B2C9-E4607E56A51D} = {5304AD69-D449-4589-B2C9-E4607E56A51D}
		{CEDF8919-00B2-4D8A-88CC-84ADB2D2FF89} = {CEDF8919-00B2-4D8A-88CC-84ADB2D2FF89}
		{B9332DC8-7594-47DF-80C1-38922E0F4DFB} = {B9332DC8-7594-47DF-80C1-38922E0F4DFB}
		{FDE5A4F8-E6CC-49B9-A831-653103367387} = {FDE5A4F8-E6CC-49B9-A831-653103367387}
		{8AFAA2C6-E025-4B45-B96F-A27D04C6115A} = {8AFAA2C6-E025-4B45-B96F-A27D04C6115A}
		{BD3A95FA-A3DE-4B79-A889-A7E5ECA4B69C} = {BD3A95FA-A3DE-4B79-A889-A7E5ECA4B69C}
	EndProjectSection
EndProject
Project("{8BC9CEB8-8B4A-11D0-8D11-00A0C91BC942}") = "wrc_test_string_table_resource", "wrc_test_string_table_resource\wrc_test_string_table_resource.vcproj", "{3038FA4A-87DA-46E5-B6B4-BEF56E732953}"
	ProjectSection(ProjectDependencies) = postProject
		{FDE5A4F8-E6CC-49B9-A831-653103367387} = {FDE5A4F8-E6CC-49B9-A831-653103367387}
		{BD3A95FA-A3DE-4B79-A889-A7E5ECA4B69C} = {BD3A95FA-A3DE-4B79-A889-A7E5ECA4B69C}
	EndProjectSection
EndProject
Project("{8BC9CEB8-8B4A-11D0-8D11-00A0C91BC942}") = "wrc_test_support", "wrc_test_support\wrc_test_support.vcproj", "{D02A2F03-D0A2-4FDC-BFD9-F8122D1B09DF}"
	ProjectSection(ProjectDependencies) = postProject
		{FDE5A4F8-E6CC-49B9-A831-653103367387} = {FDE5A4F8-E6CC-49B9-A831-653103367387}
		{BD3A95FA-A3DE-4B79-A889-A7E5ECA4B69C} = {BD3A95FA-A3DE-4B79-A889-A7E5ECA4B69C}
	EndProjectSection
EndProject
Project("{8BC9CEB8-8B4A-11D0-8D11-00A0C91BC942}") = "wrc_test_table_entry", "wrc_test_table_entry\wrc_test_table_entry.vcproj", "{0FE575ED-8974-4133-B191-DB6CDA158CA3}"
	ProjectSection(ProjectDependencies) = postProject
		{FDE5A4F8-E6CC-49B9-A831-653103367387} = {FDE5A4F8-E6CC-49B9-A831-653103367387}
		{BD3A95FA-A3DE-4B79-A889-A7E5ECA4B69C} = {BD3A95FA-A3DE-4B79-A889-A7E5ECA4B69C}
	EndProjectSection
EndProject
Project("{8BC9CEB8-8B4A-11D0-8D11-00A0C91BC942}") = "wrc_test_version_information_resource", "wrc_test_version_information_resource\wrc_test_version_information_resource.vcproj", "{09A915E0-C14E-4A8C-B6AF-3179868251BA}"
	ProjectSection(ProjectDependencies) = postProject
		{FDE5A4F8-E6CC-49B9-A831-653103367387} = {FDE5A4F8-E6CC-49B9-A831-653103367387}
		{BD3A95FA-A3DE-4B79-A889-A7E5ECA4B69C} = {BD3A95FA-A3DE-4B79-A889-A7E5ECA4B69C}
	EndProjectSection
EndProject
Project("{8BC9CEB8-8B4A-11D0-8D11-00A0C91BC942}") = "wrc_test_version_values", "wrc_test_version_values\wrc_test_version_values.vcproj", "{0EEC3FEA-B8BB-4E4F-9581-F10E38255E7D}"
	ProjectSection(ProjectDependencies) = postProject
		{FDE5A4F8-E6CC-49B9-A831-653103367387} = {FDE5A4F8-E6CC-49B9-A831-653103367387}
		{BD3A95FA-A3DE-4B79-A889-A7E5ECA4B69C} = {BD3A95FA-A3DE-4B79-A889-A7E5ECA4B69C}
	EndProjectSection
EndProject
Project("{8BC9CEB8-8B4A-11D0-8D11-00A0C91BC942}") = "libclocale", "libclocale\libclocale.vcproj", "{CEDF8919-00B2-4D8A-88CC-84ADB2D2FF89}"
	ProjectSection(ProjectDependencies) = postProject
		{BD3A95FA-A3DE-4B79-A889-A7E5ECA4B69C} = {BD3A95FA-A3DE-4B79-A889-A7E5ECA4B69C}
	EndProjectSection
EndProject
Project("{8BC9CEB8-8B4A-11D0-8D11-00A0C91BC942}") = "libbfio", "libbfio\libbfio.vcproj", "{41CFAFBF-A1C8-4704-AFEF-31979E6452B9}"
	ProjectSection(ProjectDependencies) = postProject
		{BD3A95FA-A3DE-4B79-A889-A7E5ECA4B69C} = {BD3A95FA-A3DE-4B79-A889-A7E5ECA4B69C}
		{8AFAA2C6-E025-4B45-B96F-A27D04C6115A} = {8AFAA2C6-E025-4B45-B96F-A27D04C6115A}
		{CEDF8919-00B2-4D8A-88CC-84ADB2D2FF89} = {CEDF8919-00B2-4D8A-88CC-84ADB2D2FF89}
		{5304AD69-D449-4589-B2C9-E4607E56A51D} = {5304AD69-D449-4589-B2C9-E4607E56A51D}
		{B9332DC8-7594-47DF-80C1-38922E0F4DFB} = {B9332DC8-7594-47DF-80C1-38922E0F4DFB}
		{B86FB73A-4ACC-42DE-9545-586D93955B06} = {B86FB73A-4ACC-42DE-9545-586D93955B06}
		{4C93BDD3-1804-47F3-9B34-F2DE0CAE1AE0} = {4C93BDD3-1804-47F3-9B34-F2DE0CAE1AE0}
		{3FFB9C05-1145-45A7-9ADE-5C8D70FBD7CA} = {3FFB9C05-1145-45A7-9ADE-5C8D70FBD7CA}
		{BC27FF34-C859-4A1A-95D6-FC89952E1910} = {BC27FF34-C859-4A1A-95D6-FC89952E1910}
	EndProjectSection
EndProject
Project("{8BC9CEB8-8B4A-11D0-8D11-00A0C91BC942}") = "pywrc", "pywrc\pywrc.vcproj", "{E221DB4C-B254-47CB-993D-DC7FED580DA1}"
	ProjectSection(ProjectDependencies) = postProject
		{BD3A95FA-A3DE-4B79-A889-A7E5ECA4B69C} = {BD3A95FA-A3DE-4B79-A889-A7E5ECA4B69C}
		{FDE5A4F8-E6CC-49B9-A831-653103367387} = {FDE5A4F8-E6CC-49B9-A831-653103367387}
		{B9332DC8-7594-47DF-80C1-38922E0F4DFB} = {B9332DC8-7594-47DF-80C1-38922E0F4DFB}
		{CEDF8919-00B2-4D8A-88CC-84ADB2D2FF89} = {CEDF8919-00B2-4D8A-88CC-84ADB2D2FF89}
		{B86FB73A-4ACC-42DE-9545-586D93955B06} = {B86FB73A-4ACC-42DE-9545-586D93955B06}
		{BC27FF34-C859-4A1A-95D6-FC89952E1910} = {BC27FF34-C859-4A1A-95D6-FC89952E1910}
		{4C93BDD3-1804-47F3-9B34-F2DE0CAE1AE0} = {4C93BDD3-1804-47F3-9B34-F2DE0CAE1AE0}
		{3FFB9C05-1145-45A7-9ADE-5C8D70FBD7CA} = {3FFB9C05-1145-45A7-9ADE-5C8D70FBD7CA}
		{41CFAFBF-A1C8-4704-AFEF-31979E6452B9} = {41CFAFBF-A1C8-4704-AFEF-31979E6452B9}
	EndProjectSection
EndProject
Project("{8BC9CEB8-8B4A-11D0-8D11-00A0C91BC942}") = "libwrc", "libwrc\libwrc.vcproj", "{FDE5A4F8-E6CC-49B9-A831-653103367387}"
	ProjectSection(ProjectDependencies) = postProject
		{BD3A95FA-A3DE-4B79-A889-A7E5ECA4B69C} = {BD3A95FA-A3DE-4B79-A889-A7E5ECA4B69C}
		{8AFAA2C6-E025-4B45-B96F-A27D04C6115A} = {8AFAA2C6-E025-4B45-B96F-A27D04C6115A}
		{B9332DC8-7594-47DF-80C1-38922E0F4DFB} = {B9332DC8-7594-47DF-80C1-38922E0F4DFB}
		{CEDF8919-00B2-4D8A-88CC-84ADB2D2FF89} = {CEDF8919-00B2-4D8A-88CC-84ADB2D2FF89}
		{5304AD69-D449-4589-B2C9-E4607E56A51D} = {5304AD69-D449-4589-B2C9-E4607E56A51D}
		{B86FB73A-4ACC-42DE-9545-586D93955B06} = {B86FB73A-4ACC-42DE-9545-586D93955B06}
		{BC27FF34-C859-4A1A-95D6-FC89952E1910} = {BC27FF34-C859-4A1A-95D6-FC89952E1910}
		{4C93BDD3-1804-47F3-9B34-F2DE0CAE1AE0} = {4C93BDD3-1804-47F3-9B34-F2DE0CAE1AE0}
		{3FFB9C05-1145-45A7-9ADE-5C8D70FBD7CA} = {3FFB9C05-1145-45A7-9ADE-5C8D70FBD7CA}
		{41CFAFBF-A1C8-4704-AFEF-31979E6452B9} = {41CFAFBF-A1C8-4704-AFEF-31979E6452B9}
		{3D19EAAD-9195-468B-BC5B-D147A89CA4F5} = {3D19EAAD-9195-468B-BC5B-D147A89CA4F5}
		{F94DCC2D-2B49-453E-89B3-FD81992677D0} = {F94DCC2D-2B49-453E-89B3-FD81992677D0}
		{25C60507-39C6-4564-912D-DA2E7482A00F} = {25C60507-39C6-4564-912D-DA2E7482A00F}
		{8C13E498-6369-4792-A0CF-B7134C54561B} = {8C13E498-6369-4792-A0CF-B7134C54561B}
		{85005D62-6AA7-4D8A-86CB-4061B23D7C6C} = {85005D62-6AA7-4D8A-86CB-4061B23D7C6C}
		{9D37639F-1694-47DF-84BF-336D98E0639F} = {9D37639F-1694-47DF-84BF-336D98E0639F}
	EndProjectSection
EndProject
Project("{8BC9CEB8-8B4A-11D0-8D11-00A0C91BC942}") = "libfdatetime", "libfdatetime\libfdatetime.vcproj", "{25C60507-39C6-4564-912D-DA2E7482A00F}"
	ProjectSection(ProjectDependencies) = postProject
		{BD3A95FA-A3DE-4B79-A889-A7E5ECA4B69C} = {BD3A95FA-A3DE-4B79-A889-A7E5ECA4B69C}
	EndProjectSection
EndProject
Project("{8BC9CEB8-8B4A-11D0-8D11-00A0C91BC942}") = "libcfile", "libcfile\libcfile.vcproj", "{4C93BDD3-1804-47F3-9B34-F2DE0CAE1AE0}"
	ProjectSection(ProjectDependencies) = postProject
		{BD3A95FA-A3DE-4B79-A889-A7E5ECA4B69C} = {BD3A95FA-A3DE-4B79-A889-A7E5ECA4B69C}
		{CEDF8919-00B2-4D8A-88CC-84ADB2D2FF89} = {CEDF8919-00B2-4D8A-88CC-84ADB2D2FF89}
		{5304AD69-D449-4589-B2C9-E4607E56A51D} = {5304AD69-D449-4589-B2C9-E4607E56A51D}
		{BC27FF34-C859-4A1A-95D6-FC89952E1910} = {BC27FF34-C859-4A1A-95D6-FC89952E1910}
	EndProjectSection
EndProject
Project("{8BC9CEB8-8B4A-11D0-8D11-00A0C91BC942}") = "libfwnt", "libfwnt\libfwnt.vcproj", "{9D37639F-1694-47DF-84BF-336D98E0639F}"
	ProjectSection(ProjectDependencies) = postProject
		{BD3A95FA-A3DE-4B79-A889-A7E5ECA4B69C} = {BD3A95FA-A3DE-4B79-A889-A7E5ECA4B69C}
		{8AFAA2C6-E025-4B45-B96F-A27D04C6115A} = {8AFAA2C6-E025-4B45-B96F-A27D04C6115A}
		{B9332DC8-7594-47DF-80C1-38922E0F4DFB} = {B9332DC8-7594-47DF-80C1-38922E0F4DFB}
		{5304AD69-D449-4589-B2C9-E4607E56A51D} = {5304AD69-D449-4589-B2C9-E4607E56A51D}
	EndProjectSection
EndProject
Project("{8BC9CEB8-8B4A-11D0-8D11-00A0C91BC942}") = "libcthreads", "libcthreads\libcthreads.vcproj", "{8AFAA2C6-E025-4B45-B96F-A27D04C6115A}"
	ProjectSection(ProjectDependencies) = postProject
		{BD3A95FA-A3DE-4B79-A889-A7E5ECA4B69C} = {BD3A95FA-A3DE-4B79-A889-A7E5ECA4B69C}
	EndProjectSection
EndProject
Project("{8BC9CEB8-8B4A-11D0-8D11-00A0C91BC942}") = "libcpath", "libcpath\libcpath.vcproj", "{3FFB9C05-1145-45A7-9ADE-5C8D70FBD7CA}"
	ProjectSection(ProjectDependencies) = postProject
		{BD3A95FA-A3DE-4B79-A889-A7E5ECA4B69C} = {BD3A95FA-A3DE-4B79-A889-A7E5ECA4B69C}
		{CEDF8919-00B2-4D8A-88CC-84ADB2D2FF89} = {CEDF8919-00B2-4D8A-88CC-84ADB2D2FF89}
		{B86FB73A-4ACC-42DE-9545-586D93955B06} = {B86FB73A-4ACC-42DE-9545-586D93955B06}
		{BC27FF34-C859-4A1A-95D6-FC89952E1910} = {BC27FF34-C859-4A1A-95D6-FC89952E1910}
	EndProjectSection
EndProject
Project("{8BC9CEB8-8B4A-11D0-8D11-00A0C91BC942}") = "libuna", "libuna\libuna.vcproj", "{BC27FF34-C859-4A1A-95D6-FC89952E1910}"
	ProjectSection(ProjectDependencies) = postProject
		{BD3A95FA-A3DE-4B79-A889-A7E5ECA4B69C} = {BD3A95FA-A3DE-4B79-A889-A7E5ECA4B69C}
	EndProjectSection
EndProject
Project("{8BC9CEB8-8B4A-11D0-8D11-00A0C91BC942}") = "libfvalue", "libfvalue\libfvalue.vcproj", "{85005D62-6AA7-4D8A-86CB-4061B23D7C6C}"
	ProjectSection(ProjectDependencies) = postProject
		{BD3A95FA-A3DE-4B79-A889-A7E5ECA4B69C} = {BD3A95FA-A3DE-4B79-A889-A7E5ECA4B69C}
		{8AFAA2C6-E025-4B45-B96F-A27D04C6115A} = {8AFAA2C6-E025-4B45-B96F-A27D04C6115A}
		{B9332DC8-7594-47DF-80C1-38922E0F4DFB} = {B9332DC8-7594-47DF-80C1-38922E0F4DFB}
		{5304AD69-D449-4589-B2C9-E4607E56A51D} = {5304AD69-D449-4589-B2C9-E4607E56A51D}
		{BC27FF34-C859-4A1A-95D6-FC89952E1910} = {BC27FF34-C859-4A1A-95D6-FC89952E1910}
		{25C60507-39C6-4564-912D-DA2E7482A00F} = {25C60507-39C6-4564-912D-DA2E7482A00F}
		{8C13E498-6369-4792-A0CF-B7134C54561B} = {8C13E498-6369-4792-A0CF-B7134C54561B}
		{9D37639F-1694-47DF-84BF-336D98E0639F} = {9D37639F-1694-47DF-84BF-336D98E0639F}
	EndProjectSection
EndProject
Project("{8BC9CEB8-8B4A-11D0-8D11-00A0C91BC942}") = "wrcinfo", "wrcinfo\wrcinfo.vcproj", "{A7545354-5D50-49F6-A3D0-1F97F6228955}"
	ProjectSection(ProjectDependencies) = postProject
		{E08719BD-29D2-4ED9-8987-25DC3814554E} = {E08719BD-29D2-4ED9-8987-25DC3814554E}
		{9D37639F-1694-47DF-84BF-336D98E0639F} = {9D37639F-1694-47DF-84BF-336D98E0639F}
		{25C60507-39C6-4564-912D-DA2E7482A00F} = {25C60507-39C6-4564-912D-DA2E7482A00F}
		{F94DCC2D-2B49-453E-89B3-FD81992677D0} = {F94DCC2D-2B49-453E-89B3-FD81992677D0}
		{41CFAFBF-A1C8-4704-AFEF-31979E6452B9} = {41CFAFBF-A1C8-4704-AFEF-31979E6452B9}
		{3FFB9C05-1145-45A7-9ADE-5C8D70FBD7CA} = {3FFB9C05-1145-45A7-9ADE-5C8D70FBD7CA}
		{4C93BDD3-1804-47F3-9B34-F2DE0CAE1AE0} = {4C93BDD3-1804-47F3-9B34-F2DE0CAE1AE0}
		{BC27FF34-C859-4A1A-95D6-FC89952E1910} = {BC27FF34-C859-4A1A-95D6-FC89952E1910}
		{B86FB73A-4ACC-42DE-9545-586D93955B06} = {B86FB73A-4ACC-42DE-9545-586D93955B06}
		{B9332DC8-7594-47DF-80C1-38922E0F4DFB} = {B9332DC8-7594-47DF-80C1-38922E0F4DFB}
		{5304AD69-D449-4589-B2C9-E4607E56A51D} = {5304AD69-D449-4589-B2C9-E4607E56A51D}
		{CEDF8919-00B2-4D8A-88CC-84ADB2D2FF89} = {CEDF8919-00B2-4D8A-88CC-84ADB2D2FF89}
		{FDE5A4F8-E6CC-49B9-A831-653103367387} = {FDE5A4F8-E6CC-49B9-A831-653103367387}
		{BD3A95FA-A3DE-4B79-A889-A7E5ECA4B69C} = {BD3A95FA-A3DE-4B79-A889-A7E5ECA4B69C}
	EndProjectSection
EndProject
Project("{8BC9CEB8-8B4A-11D0-8D11-00A0C91BC942}") = "libcerror", "libcerror\libcerror.vcproj", "{BD3A95FA-A3DE-4B79-A889-A7E5ECA4B69C}"
EndProject
Project("{8BC9CEB8-8B4A-11D0-8D11-00A0C91BC942}") = "libcnotify", "libcnotify\libcnotify.vcproj", "{5304AD69-D449-4589-B2C9-E4607E56A51D}"
	ProjectSection(ProjectDependencies) = postProject
		{BD3A95FA-A3DE-4B79-A889-A7E5ECA4B69C} = {BD3A95FA-A3DE-4B79-A889-A7E5ECA4B69C}
	EndProjectSection
EndProject
Project("{8BC9CEB8-8B4A-11D0-8D11-00A0C91BC942}") = "libfdata", "libfdata\libfdata.vcproj", "{F94DCC2D-2B49-453E-89B3-FD81992677D0}"
	ProjectSection(ProjectDependencies) = postProject
		{BD3A95FA-A3DE-4B79-A889-A7E5ECA4B69C} = {BD3A95FA-A3DE-4B79-A889-A7E5ECA4B69C}
		{8AFAA2C6-E025-4B45-B96F-A27D04C6115A} = {8AFAA2C6-E025-4B45-B96F-A27D04C6115A}
		{B9332DC8-7594-47DF-80C1-38922E0F4DFB} = {B9332DC8-7594-47DF-80C1-38922E0F4DFB}
		{5304AD69-D449-4589-B2C9-E4607E56A51D} = {5304AD69-D449-4589-B2C9-E4607E56A51D}
		{3D19EAAD-9195-468B-BC5B-D147A89CA4F5} = {3D19EAAD-9195-468B-BC5B-D147A89CA4F5}
	EndProjectSection
EndProject
Project("{8BC9CEB8-8B4A-11D0-8D11-00A0C91BC942}") = "libcdata", "libcdata\libcdata.vcproj", "{B9332DC8-7594-47DF-80C1-38922E0F4DFB}"
	ProjectSection(ProjectDependencies) = postProject
		{BD3A95FA-A3DE-4B79-A889-A7E5ECA4B69C} = {BD3A95FA-A3DE-4B79-A889-A7E5ECA4B69C}
		{8AFAA2C6-E025-4B45-B96F-A27D04C6115A} = {8AFAA2C6-E025-4B45-B96F-A27D04C6115A}
	EndProjectSection
EndProject
Project("{8BC9CEB8-8B4A-11D0-8D11-00A0C91BC942}") = "libcsplit", "libcsplit\libcsplit.vcproj", "{B86FB73A-4ACC-42DE-9545-586D93955B06}"
	ProjectSection(ProjectDependencies) = postProject
		{BD3A95FA-A3DE-4B79-A889-A7E5ECA4B69C} = {BD3A95FA-A3DE-4B79-A889-A7E5ECA4B69C}
	EndProjectSection
EndProject
Global
	GlobalSection(SolutionConfigurationPlatforms) = preSolution
		Release|Win32 = Release|Win32
		VSDebug|Win32 = VSDebug|Win32
	EndGlobalSection
	GlobalSection(ProjectConfigurationPlatforms) = postSolution
		{3D19EAAD-9195-468B-BC5B-D147A89CA4F5}.Release|Win32.ActiveCfg = Release|Win32
		{3D19EAAD-9195-468B-BC5B-D147A89CA4F5}.Release|Win32.Build.0 = Release|Win32
		{3D19EAAD-9195-468B-BC5B-D147A89CA4F5}.VSDebug|Win32.ActiveCfg = VSDebug|Win32
		{3D19EAAD-9195-468B-BC5B-D147A89CA4F5}.VSDebug|Win32.Build.0 = VSDebug|Win32
		{E08719BD-29D2-4ED9-8987-25DC3814554E}.Release|Win32.ActiveCfg = Release|Win32
		{E08719BD-29D2-4ED9-8987-25DC3814554E}.Release|Win32.Build.0 = Release|Win32
		{E08719BD-29D2-4ED9-8987-25DC3814554E}.VSDebug|Win32.ActiveCfg = VSDebug|Win32
		{E08719BD-29D2-4ED9-8987-25DC3814554E}.VSDebug|Win32.Build.0 = VSDebug|Win32
		{8C13E498-6369-4792-A0CF-B7134C54561B}.Release|Win32.ActiveCfg = Release|Win32
		{8C13E498-6369-4792-A0CF-B7134C54561B}.Release|Win32.Build.0 = Release|Win32
		{8C13E498-6369-4792-A0CF-B7134C54561B}.VSDebug|Win32.ActiveCfg = VSDebug|Win32
		{8C13E498-6369-4792-A0CF-B7134C54561B}.VSDebug|Win32.Build.0 = VSDebug|Win32
		{A47D3208-48A6-432D-8706-55F74F05D182}.Release|Win32.ActiveCfg = Release|Win32
		{A47D3208-48A6-432D-8706-55F74F05D182}.Release|Win32.Build.0 = Release|Win32
		{A47D3208-48A6-432D-8706-55F74F05D182}.VSDebug|Win32.ActiveCfg = VSDebug|Win32
		{A47D3208-48A6-432D-8706-55F74F05D182}.VSDebug|Win32.Build.0 = VSDebug|Win32
		{0B421139-CB52-4A53-B3C8-EBC914B6DF4E}.Release|Win32.ActiveCfg = Release|Win32
		{0B421139-CB52-4A53-B3C8-EBC914B6DF4E}.Release|Win32.Build.0 = Release|Win32
		{0B421139-CB52-4A53-B3C8-EBC914B6DF4E}.VSDebug|Win32.ActiveCfg = VSDebug|Win32
		{0B421139-CB52-4A53-B3C8-EBC914B6DF4E}.VSDebug|Win32.Build.0 = VSDebug|Win32
		{8E459DFC-6726-4C45-8302-498E2D0C3900}.Release|Win32.ActiveCfg = Release|Win32
		{8E459DFC-6726-4C45-8302-498E2D0C3900}.Release|Win32.Build.0 = Release|Win32
		{8E459DFC-6726-4C45-8302-498E2D0C3900}.VSDebug|Win32.ActiveCfg = VSDebug|Win32
		{8E459DFC-6726-4C45-8302-498E2D0C3900}.VSDebug|Win32.Build.0 = VSDebug|Win32
		{B5986E0C-C68F-4976-9286-05553DF712EF}.Release|Win32.ActiveCfg = Release|Win32
		{B5986E0C-C68F-4976-9286-05553DF712EF}.Release|Win32.Build.0 = Release|Win32
		{B5986E0C-C68F-4976-9286-05553DF712EF}.VSDebug|Win32.ActiveCfg = VSDebug|Win32
		{B5986E0C-C68F-4976-9286-05553DF712EF}.VSDebug|Win32.Build.0 = VSDebug|Win32
		{EB2BF664-9D6D-4C1D-AD48-B4C66DBD1BB9}.Release|Win32.ActiveCfg = Release|Win32
		{EB2BF664-9D6D-4C1D-AD48-B4C66DBD1BB9}.Release|Win32.Build.0 = Release|Win32
		{EB2BF664-9D6D-4C1D-AD48-B4C66DBD1BB9}.VSDebug|Win32.ActiveCfg = VSDebug|Win32
		{EB2BF664-9D6D-4C1D-AD48-B4C66DBD1BB9}.VSDebug|Win32.Build.0 = VSDebug|Win32
		{FCEAC70D-78C0-4F83-9AC9-3654D3C5A2AB}.Release|Win32.ActiveCfg = Release|Win32
		{FCEAC70D-78C0-4F83-9AC9-3654D3C5A2AB}.Release|Win32.Build.0 = Release|Win32
		{FCEAC70D-78C0-4F83-9AC9-3654D3C5A2AB}.VSDebug|Win32.ActiveCfg = VSDebug|Win32
		{FCEAC70D-78C0-4F83-9AC9-3654D3C5A2AB}.VSDebug|Win32.Build.0 = VSDebug|Win32
		{9490D3BC-2889-4149-AD43-091654E5B36E}.Release|Win32.ActiveCfg = Release|Win32
		{9490D3BC-2889-4149-AD43-091654E5B36E}.Release|Win32.Build.0 = Release|Win32
		{9490D3BC-2889-4149-AD43-091654E5B36E}.VSDebug|Win32.ActiveCfg = VSDebug|Win32
		{9490D3BC-2889-4149-AD43-091654E5B36E}.VSDebug|Win32.Build.0 = VSDebug|Win32
		{0C6258DA-25F8-4C63-95C3-8EFF4EA18A75}.Release|Win32.ActiveCfg = Release|Win32
		{0C6258DA-25F8-4C63-95C3-8EFF4EA18A75}.Release|Win32.Build.0 = Release|Win32
		{0C6258DA-25F8-4C63-95C3-8EFF4EA18A75}.VSDebug|Win32.ActiveCfg = VSDebug|Win32
		{0C6258DA-25F8-4C63-95C3-8EFF4EA18A75}.VSDebug|Win32.Build.0 = VSDebug|Win32
		{604FCB96-BE26-4044-AD76-8D0C15756775}.Release|Win32.ActiveCfg = Release|Win32
		{604FCB96-BE26-4044-AD76-8D0C15756775}.Release|Win32.Build.0 = Release|Win32
		{604FCB96-BE26-4044-AD76-8D0C15756775}.VSDebug|Win32.ActiveCfg = VSDebug|Win32
		{604FCB96-BE26-4044-AD76-8D0C15756775}.VSDebug|Win32.Build.0 = VSDebug|Win32
		{38B11068-873D-4918-809C-BF14CB0373D7}.Release|Win32.ActiveCfg = Release|Win32
		{38B11068-873D-4918-809C-BF14CB0373D7}.Release|Win32.Build.0 = Release|Win32
		{38B11068-873D-4918-809C-BF14CB0373D7}.VSDebug|Win32.ActiveCfg = VSDebug|Win32
		{38B11068-873D-4918-809C-BF14CB0373D7}.VSDebug|Win32.Build.0 = VSDebug|Win32
		{34B2419D-4B49-41DB-AF92-F2B7B28CDC74}.Release|Win32.ActiveCfg = Release|Win32
		{34B2419D-4B49-41DB-AF92-F2B7B28CDC74}.Release|Win32.Build.0 = Release|Win32
		{34B2419D-4B49-41DB-AF92-F2B7B28CDC74}.VSDebug|Win32.ActiveCfg = VSDebug|Win32
		{34B2419D-4B49-41DB-AF92-F2B7B28CDC74}.VSDebug|Win32.Build.0 = VSDebug|Win32
		{74AB98A2-10EA-487C-B402-1B78C1A8AA77}.Release|Win32.ActiveCfg = Release|Win32
		{74AB98A2-10EA-487C-B402-1B78C1A8AA77}.Release|Win32.Build.0 = Release|Win32
		{74AB98A2-10EA-487C-B402-1B78C1A8AA77}.VSDebug|Win32.ActiveCfg = VSDebug|Win32
		{74AB98A2-10EA-487C-B402-1B78C1A8AA77}.VSDebug|Win32.Build.0 = VSDebug|Win32
		{DEFDE036-1A29-4447-B4FE-296CE7CCCAED}.Release|Win32.ActiveCfg = Release|Win32
		{DEFDE036-1A29-4447-B4FE-296CE7CCCAED}.Release|Win32.Build.0 = Release|Win32
		{DEFDE036-1A29-4447-B4FE-296CE7CCCAED}.VSDebug|Win32.ActiveCfg = VSDebug|Win32
		{DEFDE036-1A29-4447-B4FE-296CE7CCCAED}.VSDebug|Win32.Build.0 = VSDebug|Win32
		{0F565D45-66F9-44D4-9C2D-EDF6194B343E}.Release|Win32.ActiveCfg = Release|Win32
		{0F565D45-66F9-44D4-9C2D-EDF6194B343E}.Release|Win32.Build.0 = Release|Win32
		{0F565D45-66F9-44D4-9C2D-EDF6194B343E}.VSDebug|Win32.ActiveCfg = VSDebug|Win32
		{0F565D45-66F9-44D4-9C2D-EDF6194B343E}.VSDebug|Win32.Build.0 = VSDebug|Win32
		{93837808-848F-4254-BF6C-C0BB76F52FEE}.Release|Win32.ActiveCfg = Release|Win32
		{93837808-848F-4254-BF6C-C0BB76F52FEE}.Release|Win32.Build.0 = Release|Win32
		{93837808-848F-4254-BF6C-C0BB76F52FEE}.VSDebug|Win32.ActiveCfg = VSDebug|Win32
		{93837808-848F-4254-BF6C-C0BB76F52FEE}.VSDebug|Win32.Build.0 = VSDebug|Win32
		{3038FA4A-87DA-46E5-B6B4-BEF56E732953}.Release|Win32.ActiveCfg = Release|Win32
		{3038FA4A-87DA-46E5-B6B4-BEF56E732953}.Release|Win32.Build.0 = Release|Win32
		{3038FA4A-87DA-46E5-B6B4-BEF56E732953}.VSDebug|Win32.ActiveCfg = VSDebug|Win32
		{3038FA4A-87DA-46E5-B6B4-BEF56E732953}.VSDebug|Win32.Build.0 = VSDebug|Win32
		{D02A2F03-D0A2-4FDC-BFD9-F8122D1B09DF}.Release|Win32.ActiveCfg = Release|Win32
		{D02A2F03-D0A2-4FDC-BFD9-F8122D1B09DF}.Release|Win32.Build.0 = Release|Win32
		{D02A2F03-D0A2-4FDC-BFD9-F8122D1B09DF}.VSDebug|Win32.ActiveCfg = VSDebug|Win32
		{D02A2F03-D0A2-4FDC-BFD9-F8122D1B09DF}.VSDebug|Win32.Build.0 = VSDebug|Win32
		{0FE575ED-8974-4133-B191-DB6CDA158CA3}.Release|Win32.ActiveCfg = Release|Win32
		{0FE575ED-8974-4133-B191-DB6CDA158CA3}.Release|Win32.Build.0 = Release|Win32
		{0FE575ED-8974-4133-B191-DB6CDA158CA3}.VSDebug|Win32.ActiveCfg = VSDebug|Win32
		{0FE575ED-8974-4133-B191-DB6CDA158CA3}.VSDebug|Win32.Build.0 = VSDebug|Win32
		{09A915E0-C14E-4A8C-B6AF-3179868251BA}.Release|Win32.ActiveCfg = Release|Win32
		{09A915E0-C14E-4A8C-B6AF-3179868251BA}.Release|Win32.Build.0 = Release|Win32
		{09A915E0-C14E-4A8C-B6AF-3179868251BA}.VSDebug|Win32.ActiveCfg = VSDebug|Win32
		{09A915E0-C14E-4A8C-B6AF-3179868251BA}.VSDebug|Win32.Build.0 = VSDebug|Win32
		{0EEC3FEA-B8BB-4E4F-9581-F10E38255E7D}.Release|Win32.ActiveCfg = Release|Win32
		{0EEC3FEA-B8BB-4E4F-9581-F10E38255E7D}.Release|Win32.Build.0 = Release|Win32
		{0EEC3FEA-B8BB-4E4F-9581-F10E38255E7D}.VSDebug|Win32.ActiveCfg = VSDebug|Win32
		{0EEC3FEA-B8BB-4E4F-9581-F10E38255E7D}.VSDebug|Win32.Build.0 = VSDebug|Win32
		{CEDF8919-00B2-4D8A-88CC-84ADB2D2FF89}.Release|Win32.ActiveCfg = Release|Win32
		{CEDF8919-00B2-4D8A-88CC-84ADB2D2FF89}.Release|Win32.Build.0 = Release|Win32
		{CEDF8919-00B2-4D8A-88CC-84ADB2D2FF89}.VSDebug|Win32.ActiveCfg = VSDebug|Win32
		{CEDF8919-00B2-4D8A-88CC-84ADB2D2FF89}.VSDebug|Win32.Build.0 = VSDebug|Win32
		{41CFAFBF-A1C8-4704-AFEF-31979E6452B9}.Release|Win32.ActiveCfg = Release|Win32
		{41CFAFBF-A1C8-4704-AFEF-31979E6452B9}.Release|Win32.Build.0 = Release|Win32
		{41CFAFBF-A1C8-4704-AFEF-31979E6452B9}.VSDebug|Win32.ActiveCfg = VSDebug|Win32
		{41CFAFBF-A1C8-4704-AFEF-31979E6452B9}.VSDebug|Win32.Build.0 = VSDebug|Win32
		{E221DB4C-B254-47CB-993D-DC7FED580DA1}.Release|Win32.ActiveCfg = Release|Win32
		{E221DB4C-B254-47CB-993D-DC7FED580DA1}.Release|Win32.Build.0 = Release|Win32
		{E221DB4C-B254-47CB-993D-DC7FED580DA1}.VSDebug|Win32.ActiveCfg = VSDebug|Win32
		{E221DB4C-B254-47CB-993D-DC7FED580DA1}.VSDebug|Win32.Build.0 = VSDebug|Win32
		{FDE5A4F8-E6CC-49B9-A831-653103367387}.Release|Win32.ActiveCfg = Release|Win32
		{FDE5A4F8-E6CC-49B9-A831-653103367387}.Release|Win32.Build.0 = Release|Win32
		{FDE5A4F8-E6CC-49B9-A831-653103367387}.VSDebug|Win32.ActiveCfg = VSDebug|Win32
		{FDE5A4F8-E6CC-49B9-A831-653103367387}.VSDebug|Win32.Build.0 = VSDebug|Win32
		{25C60507-39C6-4564-912D-DA2E7482A00F}.Release|Win32.ActiveCfg = Release|Win32
		{25C60507-39C6-4564-912D-DA2E7482A00F}.Release|Win32.Build.0 = Release|Win32
		{25C60507-39C6-4564-912D-DA2E7482A00F}.VSDebug|Win32.ActiveCfg = VSDebug|Win32
		{25C60507-39C6-4564-912D-DA2E7482A00F}.VSDebug|Win32.Build.0 = VSDebug|Win32
		{4C93BDD3-1804-47F3-9B34-F2DE0CAE1AE0}.Release|Win32.ActiveCfg = Release|Win32
		{4C93BDD3-1804-47F3-9B34-F2DE0CAE1AE0}.Release|Win32.Build.0 = Release|Win32
		{4C93BDD3-1804-47F3-9B34-F2DE0CAE1AE0}.VSDebug|Win32.ActiveCfg = VSDebug|Win32
		{4C93BDD3-1804-47F3-9B34-F2DE0CAE1AE0}.VSDebug|Win32.Build.0 = VSDebug|Win32
		{9D37639F-1694-47DF-84BF-336D98E0639F}.Release|Win32.ActiveCfg = Release|Win32
		{9D37639F-1694-47DF-84BF-336D98E0639F}.Release|Win32.Build.0 = Release|Win32
		{9D37639F-1694-47DF-84BF-336D98E0639F}.VSDebug|Win32.ActiveCfg = VSDebug|Win32
		{9D37639F-1694-47DF-84BF-336D98E0639F}.VSDebug|Win32.Build.0 = VSDebug|Win32
		{8AFAA2C6-E025-4B45-B96F-A27D04C6115A}.Release|Win32.ActiveCfg = Release|Win32
		{8AFAA2C6-E025-4B45-B96F-A27D04C6115A}.Release|Win32.Build.0 = Release|Win32
		{8AFAA2C6-E025-4B45-B96F-A27D04C6115A}.VSDebug|Win32.ActiveCfg = VSDebug|Win32
		{8AFAA2C6-E025-4B45-B96F-A27D04C6115A}.VSDebug|Win32.Build.0 = VSDebug|Win32
		{3FFB9C05-1145-45A7-9ADE-5C8D70FBD7CA}.Release|Win32.ActiveCfg = Release|Win32
		{3FFB9C05-1145-45A7-9ADE-5C8D70FBD7CA}.Release|Win32.Build.0 = Release|Win32
		{3FFB9C05-1145-45A7-9ADE-5C8D70FBD7CA}.VSDebug|Win32.ActiveCfg = VSDebug|Win32
		{3FFB9C05-1145-45A7-9ADE-5C8D70FBD7CA}.VSDebug|Win32.Build.0 = VSDebug|Win32
		{BC27FF34-C859-4A1A-95D6-FC89952E1910}.Release|Win32.ActiveCfg = Release|Win32
		{BC27FF34-C859-4A1A-95D6-FC89952E1910}.Release|Win32.Build.0 = Release|Win32
		{BC27FF34-C859-4A1A-95D6-FC89952E1910}.VSDebug|Win32.ActiveCfg = VSDebug|Win32
		{BC27FF34-C859-4A1A-95D6-FC89952E1910}.VSDebug|Win32.Build.0 = VSDebug|Win32
		{85005D62-6AA7-4D8A-86CB-4061B23D7C6C}.Release|Win32.ActiveCfg = Release|Win32
		{85005D62-6AA7-4D8A-86CB-4061B23D7C6C}.Release|Win32.Build.0 = Release|Win32
		{85005D62-6AA7-4D8A-86CB-4061B23D7C6C}.VSDebug|Win32.ActiveCfg = VSDebug|Win32
		{85005D62-6AA7-4D8A-86CB-4061B23D7C6C}.VSDebug|Win32.Build.0 = VSDebug|Win32
		{A7545354-5D50-49F6-A3D0-1F97F6228955}.Release|Win32.ActiveCfg = Release|Win32
		{A7545354-5D50-49F6-A3D0-1F97F6228955}.Release|Win32.Build.0 = Release|Win32
		{A7545354-5D50-49F6-A3D0-1F97F6228955}.VSDebug|Win32.ActiveCfg = VSDebug|Win32
		{A7545354-5D50-49F6-A3D0-1F97F6228955}.VSDebug|Win32.Build.0 = VSDebug|Win32
		{BD3A95FA-A3DE-4B79-A889-A7E5ECA4B69C}.Release|Win32.ActiveCfg = Release|Win32
		{BD3A95FA-A3DE-4B79-A889-A7E5ECA4B69C}.Release|Win32.Build.0 = Release|Win32
		{BD3A95FA-A3DE-4B79-A889-A7E5ECA4B69C}.VSDebug|Win32.ActiveCfg = VSDebug|Win32
		{BD3A95FA-A3DE-4B79-A889-A7E5ECA4B69C}.VSDebug|Win32.Build.0 = VSDebug|Win32
		{5304AD69-D449-4589-B2C9-E4607E56A51D}.Release|Win32.ActiveCfg = Release|Win32
		{5304AD69-D449-4589-B2C9-E4607E56A51D}.Release|Win32.Build.0 = Release|Win32
		{5304AD69-D449-4589-B2C9-E4607E56A51D}.VSDebug|Win32.ActiveCfg = VSDebug|Win32
		{5304AD69-D449-4589-B2C9-E4607E56A51D}.VSDebug|Win32.Build.0 = VSDebug|Win32
		{F94DCC2D-2B49-453E-89B3-FD81992677D0}.Release|Win32.ActiveCfg = Release|Win32
		{F94DCC2D-2B49-453E-89B3-FD81992677D0}.Release|Win32.Build.0 = Release|Win32
		{F94DCC2D-2B49-453E-89B3-FD81992677D0}.VSDebug|Win32.ActiveCfg = VSDebug|Win32
		{F94DCC2D-2B49-453E-89B3-FD81992677D0}.VSDebug|Win32.Build.0 = VSDebug|Win32
		{B9332DC8-7594-47DF-80C1-38922E0F4DFB}.Release|Win32.ActiveCfg = Release|Win32
		{B9332DC8-7594-47DF-80C1-38922E0F4DFB}.Release|Win32.Build.0 = Release|Win32
		{B9332DC8-7594-47DF-80C1-38922E0F4DFB}.VSDebug|Win32.ActiveCfg = VSDebug|Win32
		{B9332DC8-7594-47DF-80C1-38922E0F4DFB}.VSDebug|Win32.Build.0 = VSDebug|Win32
		{B86FB73A-4ACC-42DE-9545-586D93955B06}.Release|Win32.ActiveCfg = Release|Win32
		{B86FB73A-4ACC-42DE-9545-586D93955B06}.Release|Win32.Build.0 = Release|Win32
		{B86FB73A-4ACC-42DE-9545-586D93955B06}.VSDebug|Win32.ActiveCfg = VSDebug|Win32
		{B86FB73A-4ACC-42DE-9545-586D93955B06}.VSDebug|Win32.Build.0 = VSDebug|Win32
	EndGlobalSection
	GlobalSection(SolutionProperties) = preSolution
		HideSolutionNode = FALSE
	EndGlobalSection
EndGlobal
